
Microsoft Visual Studio Solution File, Format Version 12.00
# Visual Studio 14
VisualStudioVersion = 14.0.25420.1
MinimumVisualStudioVersion = 10.0.40219.1
Project("{FAE04EC0-301F-11D3-BF4B-00C04F79EFBC}") = "RestauranteHn.Web", "RestauranteHn.Web\RestauranteHn.Web.csproj", "{AC29C535-9EEF-431C-AEB4-EFFD7D4F2676}"
EndProject
Project("{FAE04EC0-301F-11D3-BF4B-00C04F79EFBC}") = "RestauranteHN.WebAdmin", "RestauranteHN.WebAdmin\RestauranteHN.WebAdmin.csproj", "{BAB2B2E8-614E-4FBE-B787-FDE571EC5C27}"
EndProject
Project("{FAE04EC0-301F-11D3-BF4B-00C04F79EFBC}") = "RestauranteHn.Win", "GameStop.Win\RestauranteHn.Win.csproj", "{283C8D29-F38A-49E4-B87F-3A75033DDCA1}"
EndProject
Project("{FAE04EC0-301F-11D3-BF4B-00C04F79EFBC}") = "RestauranteHn.BL", "RestauranteHn.BL\RestauranteHn.BL.csproj", "{A5FAF5D6-B8F4-40E8-92FA-B77A7936DBD5}"
EndProject
Global
	GlobalSection(SolutionConfigurationPlatforms) = preSolution
		Debug|Any CPU = Debug|Any CPU
		Release|Any CPU = Release|Any CPU
	EndGlobalSection
	GlobalSection(ProjectConfigurationPlatforms) = postSolution
		{AC29C535-9EEF-431C-AEB4-EFFD7D4F2676}.Debug|Any CPU.ActiveCfg = Debug|Any CPU
		{AC29C535-9EEF-431C-AEB4-EFFD7D4F2676}.Debug|Any CPU.Build.0 = Debug|Any CPU
		{AC29C535-9EEF-431C-AEB4-EFFD7D4F2676}.Release|Any CPU.ActiveCfg = Release|Any CPU
		{AC29C535-9EEF-431C-AEB4-EFFD7D4F2676}.Release|Any CPU.Build.0 = Release|Any CPU
		{BAB2B2E8-614E-4FBE-B787-FDE571EC5C27}.Debug|Any CPU.ActiveCfg = Debug|Any CPU
		{BAB2B2E8-614E-4FBE-B787-FDE571EC5C27}.Debug|Any CPU.Build.0 = Debug|Any CPU
		{BAB2B2E8-614E-4FBE-B787-FDE571EC5C27}.Release|Any CPU.ActiveCfg = Release|Any CPU
		{BAB2B2E8-614E-4FBE-B787-FDE571EC5C27}.Release|Any CPU.Build.0 = Release|Any CPU
		{283C8D29-F38A-49E4-B87F-3A75033DDCA1}.Debug|Any CPU.ActiveCfg = Debug|Any CPU
		{283C8D29-F38A-49E4-B87F-3A75033DDCA1}.Debug|Any CPU.Build.0 = Debug|Any CPU
		{283C8D29-F38A-49E4-B87F-3A75033DDCA1}.Release|Any CPU.ActiveCfg = Release|Any CPU
		{283C8D29-F38A-49E4-B87F-3A75033DDCA1}.Release|Any CPU.Build.0 = Release|Any CPU
		{A5FAF5D6-B8F4-40E8-92FA-B77A7936DBD5}.Debug|Any CPU.ActiveCfg = Debug|Any CPU
		{A5FAF5D6-B8F4-40E8-92FA-B77A7936DBD5}.Debug|Any CPU.Build.0 = Debug|Any CPU
		{A5FAF5D6-B8F4-40E8-92FA-B77A7936DBD5}.Release|Any CPU.ActiveCfg = Release|Any CPU
		{A5FAF5D6-B8F4-40E8-92FA-B77A7936DBD5}.Release|Any CPU.Build.0 = Release|Any CPU
	EndGlobalSection
	GlobalSection(SolutionProperties) = preSolution
		HideSolutionNode = FALSE
	EndGlobalSection
EndGlobal
